lockVersion: 2.0.0
id: b0b7f8e1-2c76-4ec3-bd8e-bf083590b2ea
management:
  docChecksum: a15261c2e04a7bd37f34fe39f6ce446f
  docVersion: 3.0.0
  speakeasyVersion: internal
  generationVersion: 2.253.0
  releaseVersion: 1.3.0
  configChecksum: e8b214400edb9497d9ecb65dee205bb9
  repoURL: https://github.com/codatio/client-sdk-go.git
  repoSubDirectory: sync-for-payroll
  installationURL: https://github.com/codatio/client-sdk-go/sync-for-payroll
  published: true
features:
  go:
    constsAndDefaults: 0.1.3
    core: 3.3.2
    deprecations: 2.81.1
    examples: 2.81.3
    globalSecurity: 2.82.6
    globalServerURLs: 2.82.1
    inputOutputModels: 2.83.0
    nameOverrides: 2.81.1
    retries: 2.82.2
generatedFiles:
  - companies.go
  - connections.go
  - accounts.go
  - journalentries.go
  - journals.go
  - managedata.go
  - companyinfo.go
  - trackingcategories.go
  - codatsyncpayroll.go
  - go.mod
  - go.sum
  - pkg/models/sdkerrors/sdkerror.go
  - pkg/types/bigint.go
  - pkg/types/date.go
  - pkg/types/datetime.go
  - pkg/types/decimal.go
  - pkg/types/pointers.go
  - pkg/utils/contenttype.go
  - pkg/utils/form.go
  - pkg/utils/headers.go
  - pkg/utils/json.go
  - pkg/utils/pathparams.go
  - pkg/utils/queryparams.go
  - pkg/utils/requestbody.go
  - pkg/utils/retries.go
  - pkg/utils/security.go
  - pkg/utils/utils.go
  - /pkg/models/operations/createcompany.go
  - /pkg/models/operations/deletecompany.go
  - /pkg/models/operations/getcompany.go
  - /pkg/models/operations/listcompanies.go
  - /pkg/models/operations/updatecompany.go
  - /pkg/models/operations/createconnection.go
  - /pkg/models/operations/deleteconnection.go
  - /pkg/models/operations/getconnection.go
  - /pkg/models/operations/listconnections.go
  - /pkg/models/operations/unlinkconnection.go
  - /pkg/models/operations/createaccount.go
  - /pkg/models/operations/getaccount.go
  - /pkg/models/operations/getcreateaccountsmodel.go
  - /pkg/models/operations/listaccounts.go
  - /pkg/models/operations/createjournalentry.go
  - /pkg/models/operations/deletejournalentry.go
  - /pkg/models/operations/getjournalentry.go
  - /pkg/models/operations/getcreatejournalentrymodel.go
  - /pkg/models/operations/listjournalentries.go
  - /pkg/models/operations/createjournal.go
  - /pkg/models/operations/getjournal.go
  - /pkg/models/operations/getcreatejournalmodel.go
  - /pkg/models/operations/listjournals.go
  - /pkg/models/operations/getdatastatus.go
  - /pkg/models/operations/getpulloperation.go
  - /pkg/models/operations/getpushoperation.go
  - /pkg/models/operations/listpushoperations.go
  - /pkg/models/operations/listpulloperations.go
  - /pkg/models/operations/refreshalldatatypes.go
  - /pkg/models/operations/refreshdatatype.go
  - /pkg/models/operations/getaccountingprofile.go
  - /pkg/models/operations/gettrackingcategory.go
  - /pkg/models/operations/listtrackingcategories.go
  - /pkg/models/shared/company.go
  - /pkg/models/shared/connection.go
  - /pkg/models/shared/dataconnectionstatus.go
  - /pkg/models/shared/dataconnectionerror.go
  - /pkg/models/shared/errorvalidation.go
  - /pkg/models/shared/errorvalidationitem.go
  - /pkg/models/shared/companyrequestbody.go
  - /pkg/models/shared/items.go
  - /pkg/models/shared/companies.go
  - /pkg/models/shared/links.go
  - /pkg/models/shared/halref.go
  - /pkg/models/shared/connections.go
  - /pkg/models/shared/createaccountresponse.go
  - /pkg/models/shared/validation.go
  - /pkg/models/shared/validationitem.go
  - /pkg/models/shared/pushoperationstatus.go
  - /pkg/models/shared/datatype.go
  - /pkg/models/shared/accounttype.go
  - /pkg/models/shared/supplementaldata.go
  - /pkg/models/shared/accountstatus.go
  - /pkg/models/shared/pushoperationchange.go
  - /pkg/models/shared/pushchangetype.go
  - /pkg/models/shared/pushoperationref.go
  - /pkg/models/shared/accountprototype.go
  - /pkg/models/shared/account.go
  - /pkg/models/shared/pushoption.go
  - /pkg/models/shared/pushvalidationinfo.go
  - /pkg/models/shared/pushfieldvalidation.go
  - /pkg/models/shared/pushoptiontype.go
  - /pkg/models/shared/pushoptionproperty.go
  - /pkg/models/shared/pushoptionchoice.go
  - /pkg/models/shared/accounts.go
  - /pkg/models/shared/createjournalentryresponse.go
  - /pkg/models/shared/journalentryrecordref.go
  - /pkg/models/shared/metadata.go
  - /pkg/models/shared/journalref.go
  - /pkg/models/shared/journalline.go
  - /pkg/models/shared/trackingrecordref.go
  - /pkg/models/shared/accountref.go
  - /pkg/models/shared/journalentry.go
  - /pkg/models/shared/pushoperation.go
  - /pkg/models/shared/journalentries.go
  - /pkg/models/shared/createjournalresponse.go
  - /pkg/models/shared/journalstatus.go
  - /pkg/models/shared/journalprototype.go
  - /pkg/models/shared/journal.go
  - /pkg/models/shared/journals.go
  - /pkg/models/shared/datastatus.go
  - /pkg/models/shared/pulloperation.go
  - /pkg/models/shared/pushoperations.go
  - /pkg/models/shared/pulloperations.go
  - /pkg/models/shared/schemadatatype.go
  - /pkg/models/shared/companyinfo.go
  - /pkg/models/shared/weblink.go
  - /pkg/models/shared/phonenumber.go
  - /pkg/models/shared/phonenumbertype.go
  - /pkg/models/shared/address.go
  - /pkg/models/shared/accountingaddresstype.go
  - /pkg/models/shared/trackingcategorytree.go
  - /pkg/models/shared/status.go
  - /pkg/models/shared/trackingcategories.go
  - /pkg/models/shared/trackingcategory.go
  - /pkg/models/shared/security.go
  - /pkg/models/shared/clientratelimitreachedwebhook.go
  - /pkg/models/shared/clientratelimitreachedwebhookdata.go
  - /pkg/models/shared/clientratelimitresetwebhook.go
  - /pkg/models/shared/clientratelimitresetwebhookdata.go
  - /pkg/models/sdkerrors/errormessage.go
  - /pkg/models/webhooks/clientratelimitreached.go
  - /pkg/models/webhooks/clientratelimitreset.go
  - docs/pkg/models/operations/createcompanyresponse.md
  - docs/pkg/models/operations/deletecompanyrequest.md
  - docs/pkg/models/operations/deletecompanyresponse.md
  - docs/pkg/models/operations/getcompanyrequest.md
  - docs/pkg/models/operations/getcompanyresponse.md
  - docs/pkg/models/operations/listcompaniesrequest.md
  - docs/pkg/models/operations/listcompaniesresponse.md
  - docs/pkg/models/operations/updatecompanyrequest.md
  - docs/pkg/models/operations/updatecompanyresponse.md
  - docs/pkg/models/operations/createconnectionrequestbody.md
  - docs/pkg/models/operations/createconnectionrequest.md
  - docs/pkg/models/operations/createconnectionresponse.md
  - docs/pkg/models/operations/deleteconnectionrequest.md
  - docs/pkg/models/operations/deleteconnectionresponse.md
  - docs/pkg/models/operations/getconnectionrequest.md
  - docs/pkg/models/operations/getconnectionresponse.md
  - docs/pkg/models/operations/listconnectionsrequest.md
  - docs/pkg/models/operations/listconnectionsresponse.md
  - docs/pkg/models/operations/unlinkconnectionupdateconnection.md
  - docs/pkg/models/operations/unlinkconnectionrequest.md
  - docs/pkg/models/operations/unlinkconnectionresponse.md
  - docs/pkg/models/operations/createaccountrequest.md
  - docs/pkg/models/operations/createaccountresponse.md
  - docs/pkg/models/operations/getaccountrequest.md
  - docs/pkg/models/operations/getaccountresponse.md
  - docs/pkg/models/operations/getcreateaccountsmodelrequest.md
  - docs/pkg/models/operations/getcreateaccountsmodelresponse.md
  - docs/pkg/models/operations/listaccountsrequest.md
  - docs/pkg/models/operations/listaccountsresponse.md
  - docs/pkg/models/operations/createjournalentryrequest.md
  - docs/pkg/models/operations/createjournalentryresponse.md
  - docs/pkg/models/operations/deletejournalentryrequest.md
  - docs/pkg/models/operations/deletejournalentryresponse.md
  - docs/pkg/models/operations/getjournalentryrequest.md
  - docs/pkg/models/operations/getjournalentryresponse.md
  - docs/pkg/models/operations/getcreatejournalentrymodelrequest.md
  - docs/pkg/models/operations/getcreatejournalentrymodelresponse.md
  - docs/pkg/models/operations/listjournalentriesrequest.md
  - docs/pkg/models/operations/listjournalentriesresponse.md
  - docs/pkg/models/operations/createjournalrequest.md
  - docs/pkg/models/operations/createjournalresponse.md
  - docs/pkg/models/operations/getjournalrequest.md
  - docs/pkg/models/operations/getjournalresponse.md
  - docs/pkg/models/operations/getcreatejournalmodelrequest.md
  - docs/pkg/models/operations/getcreatejournalmodelresponse.md
  - docs/pkg/models/operations/listjournalsrequest.md
  - docs/pkg/models/operations/listjournalsresponse.md
  - docs/pkg/models/operations/getdatastatusrequest.md
  - docs/pkg/models/operations/getdatastatusresponse.md
  - docs/pkg/models/operations/getpulloperationrequest.md
  - docs/pkg/models/operations/getpulloperationresponse.md
  - docs/pkg/models/operations/getpushoperationrequest.md
  - docs/pkg/models/operations/getpushoperationresponse.md
  - docs/pkg/models/operations/listpushoperationsrequest.md
  - docs/pkg/models/operations/listpushoperationsresponse.md
  - docs/pkg/models/operations/listpulloperationsrequest.md
  - docs/pkg/models/operations/listpulloperationsresponse.md
  - docs/pkg/models/operations/refreshalldatatypesrequest.md
  - docs/pkg/models/operations/refreshalldatatypesresponse.md
  - docs/pkg/models/operations/refreshdatatyperequest.md
  - docs/pkg/models/operations/refreshdatatyperesponse.md
  - docs/pkg/models/operations/getaccountingprofilerequest.md
  - docs/pkg/models/operations/getaccountingprofileresponse.md
  - docs/pkg/models/operations/gettrackingcategoryrequest.md
  - docs/pkg/models/operations/gettrackingcategoryresponse.md
  - docs/pkg/models/operations/listtrackingcategoriesrequest.md
  - docs/pkg/models/operations/listtrackingcategoriesresponse.md
  - docs/pkg/models/shared/groupreference.md
  - docs/pkg/models/shared/company.md
  - docs/pkg/models/shared/sourcetype.md
  - docs/pkg/models/shared/connection.md
  - docs/pkg/models/shared/dataconnectionstatus.md
  - docs/pkg/models/shared/dataconnectionerror.md
  - docs/pkg/models/shared/errorvalidation.md
  - docs/pkg/models/shared/errorvalidationitem.md
  - docs/pkg/models/shared/companyrequestbody.md
  - docs/pkg/models/shared/items.md
  - docs/pkg/models/shared/companies.md
  - docs/pkg/models/shared/links.md
  - docs/pkg/models/shared/halref.md
  - docs/pkg/models/shared/connections.md
  - docs/pkg/models/shared/createaccountresponsemetadata.md
  - docs/pkg/models/shared/createaccountresponsevaliddatatypelinks.md
  - docs/pkg/models/shared/accountingaccount.md
  - docs/pkg/models/shared/createaccountresponse.md
  - docs/pkg/models/shared/validation.md
  - docs/pkg/models/shared/validationitem.md
  - docs/pkg/models/shared/pushoperationstatus.md
  - docs/pkg/models/shared/datatype.md
  - docs/pkg/models/shared/accounttype.md
  - docs/pkg/models/shared/supplementaldata.md
  - docs/pkg/models/shared/accountstatus.md
  - docs/pkg/models/shared/pushoperationchange.md
  - docs/pkg/models/shared/pushchangetype.md
  - docs/pkg/models/shared/pushoperationref.md
  - docs/pkg/models/shared/validdatatypelinks.md
  - docs/pkg/models/shared/accountprototype.md
  - docs/pkg/models/shared/accountmetadata.md
  - docs/pkg/models/shared/accountvaliddatatypelinks.md
  - docs/pkg/models/shared/account.md
  - docs/pkg/models/shared/pushoption.md
  - docs/pkg/models/shared/pushvalidationinfo.md
  - docs/pkg/models/shared/pushfieldvalidation.md
  - docs/pkg/models/shared/pushoptiontype.md
  - docs/pkg/models/shared/pushoptionproperty.md
  - docs/pkg/models/shared/pushoptionchoice.md
  - docs/pkg/models/shared/accounts.md
  - docs/pkg/models/shared/accountingjournalentry.md
  - docs/pkg/models/shared/createjournalentryresponse.md
  - docs/pkg/models/shared/journalentryrecordrefdatatype.md
  - docs/pkg/models/shared/journalentryrecordref.md
  - docs/pkg/models/shared/metadata.md
  - docs/pkg/models/shared/journalref.md
  - docs/pkg/models/shared/tracking.md
  - docs/pkg/models/shared/journalline.md
  - docs/pkg/models/shared/trackingrecordrefdatatype.md
  - docs/pkg/models/shared/trackingrecordref.md
  - docs/pkg/models/shared/accountref.md
  - docs/pkg/models/shared/journalentry.md
  - docs/pkg/models/shared/pushoperation.md
  - docs/pkg/models/shared/journalentries.md
  - docs/pkg/models/shared/accountingjournal.md
  - docs/pkg/models/shared/createjournalresponse.md
  - docs/pkg/models/shared/journalstatus.md
  - docs/pkg/models/shared/journalprototype.md
  - docs/pkg/models/shared/journal.md
  - docs/pkg/models/shared/journals.md
  - docs/pkg/models/shared/datatypes.md
  - docs/pkg/models/shared/datastatus.md
  - docs/pkg/models/shared/pulloperationstatus.md
  - docs/pkg/models/shared/pulloperation.md
  - docs/pkg/models/shared/pushoperations.md
  - docs/pkg/models/shared/pulloperations.md
  - docs/pkg/models/shared/schemadatatype.md
  - docs/pkg/models/shared/companyinfo.md
  - docs/pkg/models/shared/type.md
  - docs/pkg/models/shared/weblink.md
  - docs/pkg/models/shared/phonenumber.md
  - docs/pkg/models/shared/phonenumbertype.md
  - docs/pkg/models/shared/address.md
  - docs/pkg/models/shared/accountingaddresstype.md
  - docs/pkg/models/shared/trackingcategorytree.md
  - docs/pkg/models/shared/status.md
  - docs/pkg/models/shared/trackingcategories.md
  - docs/pkg/models/shared/trackingcategory.md
  - docs/pkg/models/shared/security.md
  - docs/pkg/models/shared/clientratelimitreachedwebhook.md
  - docs/pkg/models/shared/clientratelimitreachedwebhookdata.md
  - docs/pkg/models/shared/clientratelimitresetwebhook.md
  - docs/pkg/models/shared/clientratelimitresetwebhookdata.md
  - docs/pkg/models/sdkerrors/errormessage.md
  - docs/pkg/models/webhooks/clientratelimitreachedresponse.md
  - docs/pkg/models/webhooks/clientratelimitresetresponse.md
  - docs/sdks/codatsyncpayroll/README.md
  - docs/pkg/models/operations/option.md
  - docs/sdks/companies/README.md
  - docs/sdks/connections/README.md
  - docs/sdks/accounts/README.md
  - docs/sdks/journalentries/README.md
  - docs/sdks/journals/README.md
  - docs/sdks/managedata/README.md
  - docs/sdks/companyinfo/README.md
  - docs/sdks/trackingcategories/README.md
  - USAGE.md
  - pkg/models/operations/options.go
  - .gitattributes
