speakeasyVersion: 1.396.7
sources:
    accounting-source:
        sourceNamespace: accounting-source
        sourceRevisionDigest: sha256:714df41e8d2be7d34fe6fbe0f887ef07e273bdd7d7bfc2a32474cf41acd26b46
        sourceBlobDigest: sha256:1196b9f04ffba9bfc30292d059e6e63e93b26fe3f8ca92cab6d58df8de86c4ca
        tags:
            - latest
            - main
    assess-source:
        sourceNamespace: assess-source
        sourceRevisionDigest: sha256:f9d5f5865f592e0b57a24cd647bfbd6a89008ee2e855f4d97500055477032917
        sourceBlobDigest: sha256:93a5943e66c0bec898e50532b545a9e2694aa004d1e763c9fadc7424a311c2ed
        tags:
            - latest
            - main
    bank-feeds-source:
        sourceNamespace: bank-feeds-source
        sourceRevisionDigest: sha256:11c0ca1f463ffa9dc82d71fdeb47d3b6971b160aae21562ac39ea7b40adccc0b
        sourceBlobDigest: sha256:24d837ec7ccccb55559e6de16951a64c09874b48e5ca92b7af36ea0b95b0eac2
        tags:
            - latest
            - main
    banking-source:
        sourceNamespace: banking-source
        sourceRevisionDigest: sha256:a9c5ba21f35017109b81d29ec43b33f08085d83e7501bc8b20e319fecb9c14c7
        sourceBlobDigest: sha256:78c7d7c24581662bec85176d517f23c35ad9b6e569b1c23ac199b9b50a96063a
        tags:
            - latest
            - main
    commerce-source:
        sourceNamespace: commerce-source
        sourceRevisionDigest: sha256:f1f300bfa266578165fefb3f3f9c255fa11790fdcdc1f383ab554d34257a7c41
        sourceBlobDigest: sha256:6f1199c3d0384446a3a88e1c9a018ec6487a1cb391d46f4f4bbf4b7fce00a339
        tags:
            - latest
            - main
    common-source:
        sourceNamespace: common-source
        sourceRevisionDigest: sha256:0930afa6b50ee05b9b3eb510949fa9059b94bd1c14d5271ff8657ea0d225745c
        sourceBlobDigest: sha256:e1e3f4c3ed16022322bc656bb0e4ef28c04fff8c92c271cc859c6e2b32af5613
        tags:
            - latest
            - main
    files-source:
        sourceNamespace: files-source
        sourceRevisionDigest: sha256:9fd1d0dd9d47a7e0c657aca1eaa020c3a314ff1ca25b14497f4a6741e341d9a8
        sourceBlobDigest: sha256:95e088645c8a70b6c0d755c6f12a0a24b74eda70dcebccc7a0c2f70fec219d81
        tags:
            - latest
            - main
targets:
    accounting-library:
        source: accounting-source
        sourceNamespace: accounting-source
        sourceRevisionDigest: sha256:714df41e8d2be7d34fe6fbe0f887ef07e273bdd7d7bfc2a32474cf41acd26b46
        sourceBlobDigest: sha256:1196b9f04ffba9bfc30292d059e6e63e93b26fe3f8ca92cab6d58df8de86c4ca
    assess-library:
        source: assess-source
        sourceNamespace: assess-source
        sourceRevisionDigest: sha256:f9d5f5865f592e0b57a24cd647bfbd6a89008ee2e855f4d97500055477032917
        sourceBlobDigest: sha256:93a5943e66c0bec898e50532b545a9e2694aa004d1e763c9fadc7424a311c2ed
    bank-feeds-library:
        source: bank-feeds-source
        sourceNamespace: bank-feeds-source
        sourceRevisionDigest: sha256:11c0ca1f463ffa9dc82d71fdeb47d3b6971b160aae21562ac39ea7b40adccc0b
        sourceBlobDigest: sha256:24d837ec7ccccb55559e6de16951a64c09874b48e5ca92b7af36ea0b95b0eac2
    banking-library:
        source: banking-source
        sourceNamespace: banking-source
        sourceRevisionDigest: sha256:a9c5ba21f35017109b81d29ec43b33f08085d83e7501bc8b20e319fecb9c14c7
        sourceBlobDigest: sha256:78c7d7c24581662bec85176d517f23c35ad9b6e569b1c23ac199b9b50a96063a
    commerce-library:
        source: commerce-source
        sourceNamespace: commerce-source
        sourceRevisionDigest: sha256:f1f300bfa266578165fefb3f3f9c255fa11790fdcdc1f383ab554d34257a7c41
        sourceBlobDigest: sha256:6f1199c3d0384446a3a88e1c9a018ec6487a1cb391d46f4f4bbf4b7fce00a339
    common-library:
        source: common-source
        sourceNamespace: common-source
        sourceRevisionDigest: sha256:0930afa6b50ee05b9b3eb510949fa9059b94bd1c14d5271ff8657ea0d225745c
        sourceBlobDigest: sha256:e1e3f4c3ed16022322bc656bb0e4ef28c04fff8c92c271cc859c6e2b32af5613
    files-library:
        source: files-source
        sourceNamespace: files-source
        sourceRevisionDigest: sha256:9fd1d0dd9d47a7e0c657aca1eaa020c3a314ff1ca25b14497f4a6741e341d9a8
        sourceBlobDigest: sha256:95e088645c8a70b6c0d755c6f12a0a24b74eda70dcebccc7a0c2f70fec219d81
workflow:
    workflowVersion: 1.0.0
    speakeasyVersion: latest
    sources:
        accounting-source:
            inputs:
                - location: https://raw.githubusercontent.com/codatio/oas/main/yaml/Codat-Accounting.yaml
            registry:
                location: registry.speakeasyapi.dev/codat/codat/accounting-source
        assess-source:
            inputs:
                - location: https://raw.githubusercontent.com/codatio/oas/main/yaml/Codat-Assess.yaml
            registry:
                location: registry.speakeasyapi.dev/codat/codat/assess-source
        bank-feeds-source:
            inputs:
                - location: https://raw.githubusercontent.com/codatio/oas/main/yaml/Codat-Bank-Feeds.yaml
            registry:
                location: registry.speakeasyapi.dev/codat/codat/bank-feeds-source
        banking-source:
            inputs:
                - location: https://raw.githubusercontent.com/codatio/oas/main/yaml/Codat-Banking.yaml
            registry:
                location: registry.speakeasyapi.dev/codat/codat/banking-source
        commerce-source:
            inputs:
                - location: https://raw.githubusercontent.com/codatio/oas/main/yaml/Codat-Commerce.yaml
            registry:
                location: registry.speakeasyapi.dev/codat/codat/commerce-source
        common-source:
            inputs:
                - location: https://raw.githubusercontent.com/codatio/oas/main/yaml/Codat-Platform.yaml
            registry:
                location: registry.speakeasyapi.dev/codat/codat/common-source
        files-source:
            inputs:
                - location: https://raw.githubusercontent.com/codatio/oas/main/yaml/Codat-Files.yaml
            registry:
                location: registry.speakeasyapi.dev/codat/codat/files-source
        lending-source:
            inputs:
                - location: https://raw.githubusercontent.com/codatio/oas/main/yaml/Codat-Lending.yaml
        platform-source:
            inputs:
                - location: https://raw.githubusercontent.com/codatio/oas/main/yaml/Codat-Platform.yaml
            registry:
                location: registry.speakeasyapi.dev/codat/codat/platform-source
        sync-for-commerce-source:
            inputs:
                - location: https://raw.githubusercontent.com/codatio/oas/main/yaml/Codat-Sync-Commerce.yaml
        sync-for-commerce-version-1-source:
            inputs:
                - location: https://raw.githubusercontent.com/codatio/oas/main/yaml/Codat-Sync-Commerce-v1.yaml
        sync-for-expenses-source:
            inputs:
                - location: https://raw.githubusercontent.com/codatio/oas/main/yaml/Codat-Sync-Expenses.yaml
        sync-for-expenses-version-1-source:
            inputs:
                - location: https://raw.githubusercontent.com/codatio/oas/main/yaml/Codat-Sync-Expenses-v1.yaml
        sync-for-payables-source:
            inputs:
                - location: https://raw.githubusercontent.com/codatio/oas/main/yaml/Codat-Sync-Payables.yaml
        sync-for-payables-version-1-source:
            inputs:
                - location: https://raw.githubusercontent.com/codatio/oas/main/yaml/Codat-Sync-Payables-v1.yaml
        sync-for-payroll-source:
            inputs:
                - location: https://raw.githubusercontent.com/codatio/oas/main/yaml/Codat-Sync-Payroll.yaml
    targets:
        accounting-library:
            target: go
            source: accounting-source
            output: previous-versions/accounting
        assess-library:
            target: go
            source: assess-source
            output: previous-versions/assess
        bank-feeds-library:
            target: go
            source: bank-feeds-source
            output: bank-feeds
        banking-library:
            target: go
            source: banking-source
            output: previous-versions/banking
        commerce-library:
            target: go
            source: commerce-source
            output: previous-versions/commerce
        common-library:
            target: go
            source: common-source
            output: previous-versions/common
        files-library:
            target: go
            source: files-source
            output: previous-versions/files
        lending-library:
            target: go
            source: lending-source
            output: lending
        platform-library:
            target: go
            source: platform-source
            output: platform
        sync-for-commerce-library:
            target: go
            source: sync-for-commerce-source
            output: sync-for-commerce
        sync-for-commerce-version-1-library:
            target: go
            source: sync-for-commerce-version-1-source
            output: previous-versions/sync-for-commerce-version-1
        sync-for-expenses-library:
            target: go
            source: sync-for-expenses-source
            output: sync-for-expenses
        sync-for-expenses-version-1-library:
            target: go
            source: sync-for-expenses-version-1-source
            output: previous-versions/sync-for-expenses-version-1
        sync-for-payables-library:
            target: go
            source: sync-for-payables-source
            output: sync-for-payables
        sync-for-payables-version-1-library:
            target: go
            source: sync-for-payables-version-1-source
            output: previous-versions/sync-for-payables-version-1
        sync-for-payroll-library:
            target: go
            source: sync-for-payroll-source
            output: sync-for-payroll
