speakeasyVersion: 1.446.1
sources:
    accounting-source:
        sourceNamespace: accounting-source
        sourceRevisionDigest: sha256:714df41e8d2be7d34fe6fbe0f887ef07e273bdd7d7bfc2a32474cf41acd26b46
        sourceBlobDigest: sha256:1196b9f04ffba9bfc30292d059e6e63e93b26fe3f8ca92cab6d58df8de86c4ca
        tags:
            - latest
            - main
    assess-source:
        sourceNamespace: assess-source
        sourceRevisionDigest: sha256:f9d5f5865f592e0b57a24cd647bfbd6a89008ee2e855f4d97500055477032917
        sourceBlobDigest: sha256:93a5943e66c0bec898e50532b545a9e2694aa004d1e763c9fadc7424a311c2ed
        tags:
            - latest
            - main
    bank-feeds-source:
        sourceNamespace: bank-feeds-source
        sourceRevisionDigest: sha256:e4e149ee072f8b59d00e55582886a38d4c0fe44de48fdadc48654e6482ec525c
        sourceBlobDigest: sha256:a490b555d6f186cd37f72a06e06ba49293a0f371d145db2d9913d5081ecfc5a2
        tags:
            - latest
            - main
    banking-source:
        sourceNamespace: banking-source
        sourceRevisionDigest: sha256:a9c5ba21f35017109b81d29ec43b33f08085d83e7501bc8b20e319fecb9c14c7
        sourceBlobDigest: sha256:78c7d7c24581662bec85176d517f23c35ad9b6e569b1c23ac199b9b50a96063a
        tags:
            - latest
            - main
    commerce-source:
        sourceNamespace: commerce-source
        sourceRevisionDigest: sha256:f1f300bfa266578165fefb3f3f9c255fa11790fdcdc1f383ab554d34257a7c41
        sourceBlobDigest: sha256:6f1199c3d0384446a3a88e1c9a018ec6487a1cb391d46f4f4bbf4b7fce00a339
        tags:
            - latest
            - main
    common-source:
        sourceNamespace: common-source
        sourceRevisionDigest: sha256:fe2bb6cab589215db3bd3d276d904394d44e6b1a3f28d917b7f818528d7df119
        sourceBlobDigest: sha256:e1e3f4c3ed16022322bc656bb0e4ef28c04fff8c92c271cc859c6e2b32af5613
        tags:
            - latest
            - main
    files-source:
        sourceNamespace: files-source
        sourceRevisionDigest: sha256:e174bd31b5c16e6c3cef0c342faf49cbefd06ecbd294e5ce26588c91da5a1b93
        sourceBlobDigest: sha256:95e088645c8a70b6c0d755c6f12a0a24b74eda70dcebccc7a0c2f70fec219d81
        tags:
            - latest
            - main
    lending-source:
        sourceNamespace: lending-source
        sourceRevisionDigest: sha256:ae3f5182c6b6bbb762d9c110f86c9dec705e2c2b017542fa1a804220ff175f33
        sourceBlobDigest: sha256:0bb930c7190c9e61384e5af6224f76ea004ad9bc0788b264aaa35b9ebad5699f
        tags:
            - latest
            - speakeasy-sdk-regen-1731929452
    platform-source:
        sourceNamespace: platform-source
        sourceRevisionDigest: sha256:a2ce48ec063f7dd2731fd8c4ef12d0805220c5f71a6d42bd56188be8d87a76a5
        sourceBlobDigest: sha256:d80a27e44fffb9c61f16a99e7d25c294f39be1a5a761d51a87c76477f8589f54
        tags:
            - latest
            - speakeasy-sdk-regen-1732624961
            - 3.0.0
    sync-for-commerce-source:
        sourceNamespace: sync-for-commerce-source
        sourceRevisionDigest: sha256:9a37b2d9ef6661efdd93ca6b8f9d31645f9f4562e6446cc5bd1fcf99d5ca7fb9
        sourceBlobDigest: sha256:1d1592cd53dae647bff1e58e43cb64f19f9da714cfc6f6198c43659b89b05369
        tags:
            - latest
            - speakeasy-sdk-regen-1732634984
            - "1.1"
    sync-for-commerce-version-1-source:
        sourceNamespace: sync-for-commerce-version-1-source
        sourceRevisionDigest: sha256:09d7bb14b3736b3157a46766c502598e3dde7fb338652eaaeca6fb3427b32630
        sourceBlobDigest: sha256:c00e3840ee75be94b232308b1e35ba628a278cf0eead16d5cfac18d91d5f144c
        tags:
            - latest
            - main
    sync-for-expenses-source:
        sourceNamespace: sync-for-expenses-source
        sourceRevisionDigest: sha256:20f3897e882714662e3768287cdf2248e93501b8666560ffc0f1f629208c7a9f
        sourceBlobDigest: sha256:7f399328e7bf537a3e5ee884667234673d34c00e889182df4e2b0500bb91dcfd
        tags:
            - latest
            - main
    sync-for-expenses-version-1-source:
        sourceNamespace: sync-for-expenses-version-1-source
        sourceRevisionDigest: sha256:b7665f9d81681000f18313ff0a4271b992c3309a663767bc753ba872c5e44916
        sourceBlobDigest: sha256:fb29c4a7d10ab19ae39bd16dbed5a934191f5ce5630dbf829407943df1c5be9d
        tags:
            - latest
            - main
    sync-for-payables-source:
        sourceNamespace: sync-for-payables-source
        sourceRevisionDigest: sha256:892b8874967cecc96433bb77727c4944a9ddda9c921bcb57da4e87867bda2090
        sourceBlobDigest: sha256:f472244dc98845d90f55da060a2cc4acee05c771a89a0ff55bc5db04108e5693
        tags:
            - latest
            - main
    sync-for-payables-version-1-source:
        sourceNamespace: sync-for-payables-version-1-source
        sourceRevisionDigest: sha256:3f82aa5d9dbae963c7fee29089ff1a0513b8db9892a196607d500d08f18dd7d5
        sourceBlobDigest: sha256:e1fb1fe0af40cf137b8b320fd75e913c83e54e0a2bb2e80a5af69e0bce409e71
        tags:
            - latest
            - main
    sync-for-payroll-source:
        sourceNamespace: sync-for-payroll-source
        sourceRevisionDigest: sha256:06a5cf91b89eebfab357e63b3043fd5f934c41604e6dc79bbd1ec65dec2004d9
        sourceBlobDigest: sha256:367f56c8bbc3e5f79b13390764a0e77ad2d9d25ca3e515c1c62b19fe459d927c
        tags:
            - latest
            - main
targets:
    accounting-library:
        source: accounting-source
        sourceNamespace: accounting-source
        sourceRevisionDigest: sha256:714df41e8d2be7d34fe6fbe0f887ef07e273bdd7d7bfc2a32474cf41acd26b46
        sourceBlobDigest: sha256:1196b9f04ffba9bfc30292d059e6e63e93b26fe3f8ca92cab6d58df8de86c4ca
    assess-library:
        source: assess-source
        sourceNamespace: assess-source
        sourceRevisionDigest: sha256:f9d5f5865f592e0b57a24cd647bfbd6a89008ee2e855f4d97500055477032917
        sourceBlobDigest: sha256:93a5943e66c0bec898e50532b545a9e2694aa004d1e763c9fadc7424a311c2ed
    bank-feeds-library:
        source: bank-feeds-source
        sourceNamespace: bank-feeds-source
        sourceRevisionDigest: sha256:e4e149ee072f8b59d00e55582886a38d4c0fe44de48fdadc48654e6482ec525c
        sourceBlobDigest: sha256:a490b555d6f186cd37f72a06e06ba49293a0f371d145db2d9913d5081ecfc5a2
    banking-library:
        source: banking-source
        sourceNamespace: banking-source
        sourceRevisionDigest: sha256:a9c5ba21f35017109b81d29ec43b33f08085d83e7501bc8b20e319fecb9c14c7
        sourceBlobDigest: sha256:78c7d7c24581662bec85176d517f23c35ad9b6e569b1c23ac199b9b50a96063a
    commerce-library:
        source: commerce-source
        sourceNamespace: commerce-source
        sourceRevisionDigest: sha256:f1f300bfa266578165fefb3f3f9c255fa11790fdcdc1f383ab554d34257a7c41
        sourceBlobDigest: sha256:6f1199c3d0384446a3a88e1c9a018ec6487a1cb391d46f4f4bbf4b7fce00a339
    common-library:
        source: common-source
        sourceNamespace: common-source
        sourceRevisionDigest: sha256:fe2bb6cab589215db3bd3d276d904394d44e6b1a3f28d917b7f818528d7df119
        sourceBlobDigest: sha256:e1e3f4c3ed16022322bc656bb0e4ef28c04fff8c92c271cc859c6e2b32af5613
    files-library:
        source: files-source
        sourceNamespace: files-source
        sourceRevisionDigest: sha256:e174bd31b5c16e6c3cef0c342faf49cbefd06ecbd294e5ce26588c91da5a1b93
        sourceBlobDigest: sha256:95e088645c8a70b6c0d755c6f12a0a24b74eda70dcebccc7a0c2f70fec219d81
    lending-library:
        source: lending-source
        sourceNamespace: lending-source
        sourceRevisionDigest: sha256:ae3f5182c6b6bbb762d9c110f86c9dec705e2c2b017542fa1a804220ff175f33
        sourceBlobDigest: sha256:0bb930c7190c9e61384e5af6224f76ea004ad9bc0788b264aaa35b9ebad5699f
        codeSamplesNamespace: lending-source-code-samples
        codeSamplesRevisionDigest: sha256:e91ab159b16280445cda6b9f0c3c8113b3bbe9727d43b49a5f3847ccd3bf44aa
    platform-library:
        source: platform-source
        sourceNamespace: platform-source
        sourceRevisionDigest: sha256:a2ce48ec063f7dd2731fd8c4ef12d0805220c5f71a6d42bd56188be8d87a76a5
        sourceBlobDigest: sha256:d80a27e44fffb9c61f16a99e7d25c294f39be1a5a761d51a87c76477f8589f54
        codeSamplesNamespace: platform-source-code-samples
        codeSamplesRevisionDigest: sha256:1fb85b468b0da3b6e1a25099bb07c7b76cfc6d468d897105b2b00278c03e108e
    sync-for-commerce-library:
        source: sync-for-commerce-source
        sourceNamespace: sync-for-commerce-source
        sourceRevisionDigest: sha256:9a37b2d9ef6661efdd93ca6b8f9d31645f9f4562e6446cc5bd1fcf99d5ca7fb9
        sourceBlobDigest: sha256:1d1592cd53dae647bff1e58e43cb64f19f9da714cfc6f6198c43659b89b05369
        codeSamplesNamespace: sync-for-commerce-source-code-samples
        codeSamplesRevisionDigest: sha256:ff28c59b64da52981dfea5ed5682b92b14d394606eb9ff1a9156124b5a860e38
    sync-for-commerce-version-1-library:
        source: sync-for-commerce-version-1-source
        sourceNamespace: sync-for-commerce-version-1-source
        sourceRevisionDigest: sha256:09d7bb14b3736b3157a46766c502598e3dde7fb338652eaaeca6fb3427b32630
        sourceBlobDigest: sha256:c00e3840ee75be94b232308b1e35ba628a278cf0eead16d5cfac18d91d5f144c
    sync-for-expenses-library:
        source: sync-for-expenses-source
        sourceNamespace: sync-for-expenses-source
        sourceRevisionDigest: sha256:20f3897e882714662e3768287cdf2248e93501b8666560ffc0f1f629208c7a9f
        sourceBlobDigest: sha256:7f399328e7bf537a3e5ee884667234673d34c00e889182df4e2b0500bb91dcfd
    sync-for-expenses-version-1-library:
        source: sync-for-expenses-version-1-source
        sourceNamespace: sync-for-expenses-version-1-source
        sourceRevisionDigest: sha256:b7665f9d81681000f18313ff0a4271b992c3309a663767bc753ba872c5e44916
        sourceBlobDigest: sha256:fb29c4a7d10ab19ae39bd16dbed5a934191f5ce5630dbf829407943df1c5be9d
    sync-for-payables-library:
        source: sync-for-payables-source
        sourceNamespace: sync-for-payables-source
        sourceRevisionDigest: sha256:892b8874967cecc96433bb77727c4944a9ddda9c921bcb57da4e87867bda2090
        sourceBlobDigest: sha256:f472244dc98845d90f55da060a2cc4acee05c771a89a0ff55bc5db04108e5693
    sync-for-payables-version-1-library:
        source: sync-for-payables-version-1-source
        sourceNamespace: sync-for-payables-version-1-source
        sourceRevisionDigest: sha256:3f82aa5d9dbae963c7fee29089ff1a0513b8db9892a196607d500d08f18dd7d5
        sourceBlobDigest: sha256:e1fb1fe0af40cf137b8b320fd75e913c83e54e0a2bb2e80a5af69e0bce409e71
    sync-for-payroll-library:
        source: sync-for-payroll-source
        sourceNamespace: sync-for-payroll-source
        sourceRevisionDigest: sha256:06a5cf91b89eebfab357e63b3043fd5f934c41604e6dc79bbd1ec65dec2004d9
        sourceBlobDigest: sha256:367f56c8bbc3e5f79b13390764a0e77ad2d9d25ca3e515c1c62b19fe459d927c
workflow:
    workflowVersion: 1.0.0
    speakeasyVersion: latest
    sources:
        accounting-source:
            inputs:
                - location: https://raw.githubusercontent.com/codatio/oas/main/yaml/Codat-Accounting.yaml
            registry:
                location: registry.speakeasyapi.dev/codat/codat/accounting-source
        assess-source:
            inputs:
                - location: https://raw.githubusercontent.com/codatio/oas/main/yaml/Codat-Assess.yaml
            registry:
                location: registry.speakeasyapi.dev/codat/codat/assess-source
        bank-feeds-source:
            inputs:
                - location: https://raw.githubusercontent.com/codatio/oas/main/yaml/Codat-Bank-Feeds.yaml
            registry:
                location: registry.speakeasyapi.dev/codat/codat/bank-feeds-source
        banking-source:
            inputs:
                - location: https://raw.githubusercontent.com/codatio/oas/main/yaml/Codat-Banking.yaml
            registry:
                location: registry.speakeasyapi.dev/codat/codat/banking-source
        commerce-source:
            inputs:
                - location: https://raw.githubusercontent.com/codatio/oas/main/yaml/Codat-Commerce.yaml
            registry:
                location: registry.speakeasyapi.dev/codat/codat/commerce-source
        common-source:
            inputs:
                - location: https://raw.githubusercontent.com/codatio/oas/main/yaml/Codat-Platform.yaml
            registry:
                location: registry.speakeasyapi.dev/codat/codat/common-source
        files-source:
            inputs:
                - location: https://raw.githubusercontent.com/codatio/oas/main/yaml/Codat-Files.yaml
            registry:
                location: registry.speakeasyapi.dev/codat/codat/files-source
        lending-source:
            inputs:
                - location: https://raw.githubusercontent.com/codatio/oas/main/yaml/Codat-Lending.yaml
            registry:
                location: registry.speakeasyapi.dev/codat/codat/lending-source
        platform-source:
            inputs:
                - location: https://raw.githubusercontent.com/codatio/oas/main/yaml/Codat-Platform.yaml
            registry:
                location: registry.speakeasyapi.dev/codat/codat/platform-source
        sync-for-commerce-source:
            inputs:
                - location: https://raw.githubusercontent.com/codatio/oas/main/yaml/Codat-Sync-Commerce.yaml
            registry:
                location: registry.speakeasyapi.dev/codat/codat/sync-for-commerce-source
        sync-for-commerce-version-1-source:
            inputs:
                - location: https://raw.githubusercontent.com/codatio/oas/main/yaml/Codat-Sync-Commerce-v1.yaml
            registry:
                location: registry.speakeasyapi.dev/codat/codat/sync-for-commerce-version-1-source
        sync-for-expenses-source:
            inputs:
                - location: https://raw.githubusercontent.com/codatio/oas/main/yaml/Codat-Sync-Expenses.yaml
            registry:
                location: registry.speakeasyapi.dev/codat/codat/sync-for-expenses-source
        sync-for-expenses-version-1-source:
            inputs:
                - location: https://raw.githubusercontent.com/codatio/oas/main/yaml/Codat-Sync-Expenses-v1.yaml
            registry:
                location: registry.speakeasyapi.dev/codat/codat/sync-for-expenses-version-1-source
        sync-for-payables-source:
            inputs:
                - location: https://raw.githubusercontent.com/codatio/oas/main/yaml/Codat-Sync-Payables.yaml
            registry:
                location: registry.speakeasyapi.dev/codat/codat/sync-for-payables-source
        sync-for-payables-version-1-source:
            inputs:
                - location: https://raw.githubusercontent.com/codatio/oas/main/yaml/Codat-Sync-Payables-v1.yaml
            registry:
                location: registry.speakeasyapi.dev/codat/codat/sync-for-payables-version-1-source
        sync-for-payroll-source:
            inputs:
                - location: https://raw.githubusercontent.com/codatio/oas/main/yaml/Codat-Sync-Payroll.yaml
            registry:
                location: registry.speakeasyapi.dev/codat/codat/sync-for-payroll-source
    targets:
        accounting-library:
            target: go
            source: accounting-source
            output: previous-versions/accounting
            codeSamples:
                registry:
                    location: registry.speakeasyapi.dev/codat/codat/accounting-source-code-samples
                blocking: false
        assess-library:
            target: go
            source: assess-source
            output: previous-versions/assess
            codeSamples:
                registry:
                    location: registry.speakeasyapi.dev/codat/codat/assess-source-code-samples
                blocking: false
        bank-feeds-library:
            target: go
            source: bank-feeds-source
            output: bank-feeds
            codeSamples:
                registry:
                    location: registry.speakeasyapi.dev/codat/codat/bank-feeds-source-code-samples
                blocking: false
        banking-library:
            target: go
            source: banking-source
            output: previous-versions/banking
            codeSamples:
                registry:
                    location: registry.speakeasyapi.dev/codat/codat/banking-source-code-samples
                blocking: false
        commerce-library:
            target: go
            source: commerce-source
            output: previous-versions/commerce
            codeSamples:
                registry:
                    location: registry.speakeasyapi.dev/codat/codat/commerce-source-code-samples
                blocking: false
        common-library:
            target: go
            source: common-source
            output: previous-versions/common
            codeSamples:
                registry:
                    location: registry.speakeasyapi.dev/codat/codat/common-source-code-samples
                blocking: false
        files-library:
            target: go
            source: files-source
            output: previous-versions/files
            codeSamples:
                registry:
                    location: registry.speakeasyapi.dev/codat/codat/files-source-code-samples
                blocking: false
        lending-library:
            target: go
            source: lending-source
            output: lending
            codeSamples:
                registry:
                    location: registry.speakeasyapi.dev/codat/codat/lending-source-code-samples
                blocking: false
        platform-library:
            target: go
            source: platform-source
            output: platform
            codeSamples:
                registry:
                    location: registry.speakeasyapi.dev/codat/codat/platform-source-code-samples
                blocking: false
        sync-for-commerce-library:
            target: go
            source: sync-for-commerce-source
            output: sync-for-commerce
            codeSamples:
                registry:
                    location: registry.speakeasyapi.dev/codat/codat/sync-for-commerce-source-code-samples
                blocking: false
        sync-for-commerce-version-1-library:
            target: go
            source: sync-for-commerce-version-1-source
            output: previous-versions/sync-for-commerce-version-1
            codeSamples:
                registry:
                    location: registry.speakeasyapi.dev/codat/codat/sync-for-commerce-version-1-source-code-samples
                blocking: false
        sync-for-expenses-library:
            target: go
            source: sync-for-expenses-source
            output: sync-for-expenses
            codeSamples:
                registry:
                    location: registry.speakeasyapi.dev/codat/codat/sync-for-expenses-source-code-samples
                blocking: false
        sync-for-expenses-version-1-library:
            target: go
            source: sync-for-expenses-version-1-source
            output: previous-versions/sync-for-expenses-version-1
            codeSamples:
                registry:
                    location: registry.speakeasyapi.dev/codat/codat/sync-for-expenses-version-1-source-code-samples
                blocking: false
        sync-for-payables-library:
            target: go
            source: sync-for-payables-source
            output: sync-for-payables
            codeSamples:
                registry:
                    location: registry.speakeasyapi.dev/codat/codat/sync-for-payables-source-code-samples
                blocking: false
        sync-for-payables-version-1-library:
            target: go
            source: sync-for-payables-version-1-source
            output: previous-versions/sync-for-payables-version-1
            codeSamples:
                registry:
                    location: registry.speakeasyapi.dev/codat/codat/sync-for-payables-version-1-source-code-samples
                blocking: false
        sync-for-payroll-library:
            target: go
            source: sync-for-payroll-source
            output: sync-for-payroll
            codeSamples:
                registry:
                    location: registry.speakeasyapi.dev/codat/codat/sync-for-payroll-source-code-samples
                blocking: false
